
Microsoft Visual Studio Solution File, Format Version 12.00
# Visual Studio Version 16
VisualStudioVersion = 16.0.29911.84
MinimumVisualStudioVersion = 10.0.40219.1
Project("{9A19103F-16F7-4668-BE54-9A1E7A4F7556}") = "AdFormTodoApi", "AdFormTodoApi\AdFormTodoApi.csproj", "{49701807-770E-4F45-A851-C2F5B12FB7D8}"
EndProject
Project("{9A19103F-16F7-4668-BE54-9A1E7A4F7556}") = "AdFormTodoApi.Service", "AdFormTodoApi.Service\AdFormTodoApi.Service.csproj", "{0E98014E-F224-4324-9393-7E7502B57EAF}"
EndProject
Project("{9A19103F-16F7-4668-BE54-9A1E7A4F7556}") = "AdFormTodoApi.DataAccessLayer", "AdFormTodoApi.Data\AdFormTodoApi.DataAccessLayer.csproj", "{7AEF9490-91CC-4AEC-B30B-C4106D45EC19}"
EndProject
Project("{9A19103F-16F7-4668-BE54-9A1E7A4F7556}") = "AdFormTodoApi.Core", "AdFormTodoApi.Core\AdFormTodoApi.Core.csproj", "{8C2EA386-32CC-4CB8-93AA-441EFF428BDE}"
EndProject
Project("{9A19103F-16F7-4668-BE54-9A1E7A4F7556}") = "AdFormTodoApi.Tests", "AdFormTodoApi.Tests\AdFormTodoApi.Tests.csproj", "{0CFDFC43-58B0-4544-9F20-B7CE9EC456E7}"
EndProject
Global
	GlobalSection(SolutionConfigurationPlatforms) = preSolution
		Debug|Any CPU = Debug|Any CPU
		Release|Any CPU = Release|Any CPU
	EndGlobalSection
	GlobalSection(ProjectConfigurationPlatforms) = postSolution
		{49701807-770E-4F45-A851-C2F5B12FB7D8}.Debug|Any CPU.ActiveCfg = Debug|Any CPU
		{49701807-770E-4F45-A851-C2F5B12FB7D8}.Debug|Any CPU.Build.0 = Debug|Any CPU
		{49701807-770E-4F45-A851-C2F5B12FB7D8}.Release|Any CPU.ActiveCfg = Release|Any CPU
		{49701807-770E-4F45-A851-C2F5B12FB7D8}.Release|Any CPU.Build.0 = Release|Any CPU
		{0E98014E-F224-4324-9393-7E7502B57EAF}.Debug|Any CPU.ActiveCfg = Debug|Any CPU
		{0E98014E-F224-4324-9393-7E7502B57EAF}.Debug|Any CPU.Build.0 = Debug|Any CPU
		{0E98014E-F224-4324-9393-7E7502B57EAF}.Release|Any CPU.ActiveCfg = Release|Any CPU
		{0E98014E-F224-4324-9393-7E7502B57EAF}.Release|Any CPU.Build.0 = Release|Any CPU
		{7AEF9490-91CC-4AEC-B30B-C4106D45EC19}.Debug|Any CPU.ActiveCfg = Debug|Any CPU
		{7AEF9490-91CC-4AEC-B30B-C4106D45EC19}.Debug|Any CPU.Build.0 = Debug|Any CPU
		{7AEF9490-91CC-4AEC-B30B-C4106D45EC19}.Release|Any CPU.ActiveCfg = Release|Any CPU
		{7AEF9490-91CC-4AEC-B30B-C4106D45EC19}.Release|Any CPU.Build.0 = Release|Any CPU
		{8C2EA386-32CC-4CB8-93AA-441EFF428BDE}.Debug|Any CPU.ActiveCfg = Debug|Any CPU
		{8C2EA386-32CC-4CB8-93AA-441EFF428BDE}.Debug|Any CPU.Build.0 = Debug|Any CPU
		{8C2EA386-32CC-4CB8-93AA-441EFF428BDE}.Release|Any CPU.ActiveCfg = Release|Any CPU
		{8C2EA386-32CC-4CB8-93AA-441EFF428BDE}.Release|Any CPU.Build.0 = Release|Any CPU
		{0CFDFC43-58B0-4544-9F20-B7CE9EC456E7}.Debug|Any CPU.ActiveCfg = Debug|Any CPU
		{0CFDFC43-58B0-4544-9F20-B7CE9EC456E7}.Debug|Any CPU.Build.0 = Debug|Any CPU
		{0CFDFC43-58B0-4544-9F20-B7CE9EC456E7}.Release|Any CPU.ActiveCfg = Release|Any CPU
		{0CFDFC43-58B0-4544-9F20-B7CE9EC456E7}.Release|Any CPU.Build.0 = Release|Any CPU
	EndGlobalSection
	GlobalSection(SolutionProperties) = preSolution
		HideSolutionNode = FALSE
	EndGlobalSection
	GlobalSection(ExtensibilityGlobals) = postSolution
		SolutionGuid = {7312CDDB-8CDD-492F-8F52-0E7017FCFDC1}
	EndGlobalSection
EndGlobal
